
Microsoft Visual Studio Solution File, Format Version 12.00
# Visual Studio Version 17
VisualStudioVersion = 17.2.32516.85
MinimumVisualStudioVersion = 10.0.40219.1
Project("{9A19103F-16F7-4668-BE54-9A1E7A4F7556}") = "ObedientChildentChild.WebApi", "ObedientChild.WebApi\ObedientChild.WebApi.csproj", "{D3421DBC-363B-447D-8958-4DF137B7D732}"
EndProject
Project("{9A19103F-16F7-4668-BE54-9A1E7A4F7556}") = "UnitTests", "Tests\UnitTests\UnitTests.csproj", "{34E7BE67-1216-4961-98CC-646FC4441369}"
EndProject
Project("{9A19103F-16F7-4668-BE54-9A1E7A4F7556}") = "IntegrationTests", "Tests\IntegrationTests\IntegrationTests.csproj", "{68F555AC-BFBB-4747-8555-00A337CDD5A3}"
EndProject
Project("{2150E333-8FDC-42A3-9474-1A3956D46DE8}") = "Tests", "Tests", "{4649F453-6E74-4072-B2A6-7CB5988523D1}"
EndProject
Project("{9A19103F-16F7-4668-BE54-9A1E7A4F7556}") = "ObedientChild.Infrastucture", "ObedientChild.Infrastucture\ObedientChild.Infrastucture.csproj", "{F3A692A3-5F67-4E3F-945F-B2145BE1A0C4}"
EndProject
Project("{9A19103F-16F7-4668-BE54-9A1E7A4F7556}") = "ObedientChild.Domain", "ObedientChild.Domain\ObedientChild.Domain.csproj", "{12A75725-C0BE-4F12-B231-358ED9FD922E}"
EndProject
Project("{9A19103F-16F7-4668-BE54-9A1E7A4F7556}") = "ObedientChild.App", "ObedientChild.App\ObedientChild.App.csproj", "{12681719-8259-4819-A6EE-7FD1F936F6D5}"
EndProject
Project("{9A19103F-16F7-4668-BE54-9A1E7A4F7556}") = "Slid.Auth.WebApi", "Slid.Auth.WebApi\Slid.Auth.WebApi.csproj", "{AC5AC0E9-0CEA-4C75-843A-8148E190B4F5}"
EndProject
Project("{2150E333-8FDC-42A3-9474-1A3956D46DE8}") = "Auth", "Auth", "{840413C6-6907-4510-9915-BE10E4D5B5AB}"
EndProject
Project("{9A19103F-16F7-4668-BE54-9A1E7A4F7556}") = "Slid.Auth.Core", "Slid.Auth.Core\Slid.Auth.Core.csproj", "{D6813B5F-F00F-432C-BB40-446BD50F2EAE}"
EndProject
Project("{2150E333-8FDC-42A3-9474-1A3956D46DE8}") = "Slid", "Slid", "{B6556782-9D59-440B-ABCF-D415743366FD}"
EndProject
Project("{9A19103F-16F7-4668-BE54-9A1E7A4F7556}") = "Slid.Utils", "Slid.Utils\Slid.Utils.csproj", "{80A291A4-DCEA-40C4-89CD-ED708487A109}"
EndProject
Global
	GlobalSection(SolutionConfigurationPlatforms) = preSolution
		Debug|Any CPU = Debug|Any CPU
		Release|Any CPU = Release|Any CPU
	EndGlobalSection
	GlobalSection(ProjectConfigurationPlatforms) = postSolution
		{D3421DBC-363B-447D-8958-4DF137B7D732}.Debug|Any CPU.ActiveCfg = Debug|Any CPU
		{D3421DBC-363B-447D-8958-4DF137B7D732}.Debug|Any CPU.Build.0 = Debug|Any CPU
		{D3421DBC-363B-447D-8958-4DF137B7D732}.Release|Any CPU.ActiveCfg = Release|Any CPU
		{D3421DBC-363B-447D-8958-4DF137B7D732}.Release|Any CPU.Build.0 = Release|Any CPU
		{34E7BE67-1216-4961-98CC-646FC4441369}.Debug|Any CPU.ActiveCfg = Debug|Any CPU
		{34E7BE67-1216-4961-98CC-646FC4441369}.Debug|Any CPU.Build.0 = Debug|Any CPU
		{34E7BE67-1216-4961-98CC-646FC4441369}.Release|Any CPU.ActiveCfg = Release|Any CPU
		{34E7BE67-1216-4961-98CC-646FC4441369}.Release|Any CPU.Build.0 = Release|Any CPU
		{68F555AC-BFBB-4747-8555-00A337CDD5A3}.Debug|Any CPU.ActiveCfg = Debug|Any CPU
		{68F555AC-BFBB-4747-8555-00A337CDD5A3}.Debug|Any CPU.Build.0 = Debug|Any CPU
		{68F555AC-BFBB-4747-8555-00A337CDD5A3}.Release|Any CPU.ActiveCfg = Release|Any CPU
		{68F555AC-BFBB-4747-8555-00A337CDD5A3}.Release|Any CPU.Build.0 = Release|Any CPU
		{F3A692A3-5F67-4E3F-945F-B2145BE1A0C4}.Debug|Any CPU.ActiveCfg = Debug|Any CPU
		{F3A692A3-5F67-4E3F-945F-B2145BE1A0C4}.Debug|Any CPU.Build.0 = Debug|Any CPU
		{F3A692A3-5F67-4E3F-945F-B2145BE1A0C4}.Release|Any CPU.ActiveCfg = Release|Any CPU
		{F3A692A3-5F67-4E3F-945F-B2145BE1A0C4}.Release|Any CPU.Build.0 = Release|Any CPU
		{12A75725-C0BE-4F12-B231-358ED9FD922E}.Debug|Any CPU.ActiveCfg = Debug|Any CPU
		{12A75725-C0BE-4F12-B231-358ED9FD922E}.Debug|Any CPU.Build.0 = Debug|Any CPU
		{12A75725-C0BE-4F12-B231-358ED9FD922E}.Release|Any CPU.ActiveCfg = Release|Any CPU
		{12A75725-C0BE-4F12-B231-358ED9FD922E}.Release|Any CPU.Build.0 = Release|Any CPU
		{12681719-8259-4819-A6EE-7FD1F936F6D5}.Debug|Any CPU.ActiveCfg = Debug|Any CPU
		{12681719-8259-4819-A6EE-7FD1F936F6D5}.Debug|Any CPU.Build.0 = Debug|Any CPU
		{12681719-8259-4819-A6EE-7FD1F936F6D5}.Release|Any CPU.ActiveCfg = Release|Any CPU
		{12681719-8259-4819-A6EE-7FD1F936F6D5}.Release|Any CPU.Build.0 = Release|Any CPU
		{F4B9B078-1D93-497D-90A7-FCAAE013B756}.Debug|Any CPU.ActiveCfg = Debug|Any CPU
		{F4B9B078-1D93-497D-90A7-FCAAE013B756}.Debug|Any CPU.Build.0 = Debug|Any CPU
		{F4B9B078-1D93-497D-90A7-FCAAE013B756}.Release|Any CPU.ActiveCfg = Release|Any CPU
		{F4B9B078-1D93-497D-90A7-FCAAE013B756}.Release|Any CPU.Build.0 = Release|Any CPU
		{5569224C-886F-4C07-A988-A710491DC025}.Debug|Any CPU.ActiveCfg = Debug|Any CPU
		{5569224C-886F-4C07-A988-A710491DC025}.Debug|Any CPU.Build.0 = Debug|Any CPU
		{5569224C-886F-4C07-A988-A710491DC025}.Release|Any CPU.ActiveCfg = Release|Any CPU
		{5569224C-886F-4C07-A988-A710491DC025}.Release|Any CPU.Build.0 = Release|Any CPU
		{AC5AC0E9-0CEA-4C75-843A-8148E190B4F5}.Debug|Any CPU.ActiveCfg = Debug|Any CPU
		{AC5AC0E9-0CEA-4C75-843A-8148E190B4F5}.Debug|Any CPU.Build.0 = Debug|Any CPU
		{AC5AC0E9-0CEA-4C75-843A-8148E190B4F5}.Release|Any CPU.ActiveCfg = Release|Any CPU
		{AC5AC0E9-0CEA-4C75-843A-8148E190B4F5}.Release|Any CPU.Build.0 = Release|Any CPU
		{D6813B5F-F00F-432C-BB40-446BD50F2EAE}.Debug|Any CPU.ActiveCfg = Debug|Any CPU
		{D6813B5F-F00F-432C-BB40-446BD50F2EAE}.Debug|Any CPU.Build.0 = Debug|Any CPU
		{D6813B5F-F00F-432C-BB40-446BD50F2EAE}.Release|Any CPU.ActiveCfg = Release|Any CPU
		{D6813B5F-F00F-432C-BB40-446BD50F2EAE}.Release|Any CPU.Build.0 = Release|Any CPU
		{80A291A4-DCEA-40C4-89CD-ED708487A109}.Debug|Any CPU.ActiveCfg = Debug|Any CPU
		{80A291A4-DCEA-40C4-89CD-ED708487A109}.Debug|Any CPU.Build.0 = Debug|Any CPU
		{80A291A4-DCEA-40C4-89CD-ED708487A109}.Release|Any CPU.ActiveCfg = Release|Any CPU
		{80A291A4-DCEA-40C4-89CD-ED708487A109}.Release|Any CPU.Build.0 = Release|Any CPU
	EndGlobalSection
	GlobalSection(SolutionProperties) = preSolution
		HideSolutionNode = FALSE
	EndGlobalSection
	GlobalSection(NestedProjects) = preSolution
		{34E7BE67-1216-4961-98CC-646FC4441369} = {4649F453-6E74-4072-B2A6-7CB5988523D1}
		{68F555AC-BFBB-4747-8555-00A337CDD5A3} = {4649F453-6E74-4072-B2A6-7CB5988523D1}
		{5569224C-886F-4C07-A988-A710491DC025} = {AD2039C1-93A4-4A5B-83B9-6288F2FA726B}
		{AC5AC0E9-0CEA-4C75-843A-8148E190B4F5} = {840413C6-6907-4510-9915-BE10E4D5B5AB}
		{D6813B5F-F00F-432C-BB40-446BD50F2EAE} = {840413C6-6907-4510-9915-BE10E4D5B5AB}
		{80A291A4-DCEA-40C4-89CD-ED708487A109} = {B6556782-9D59-440B-ABCF-D415743366FD}
	EndGlobalSection
	GlobalSection(ExtensibilityGlobals) = postSolution
		SolutionGuid = {D3376287-CFC8-45FA-991A-574C494815C9}
	EndGlobalSection
EndGlobal
